
Microsoft Visual Studio Solution File, Format Version 12.00
# Visual Studio Version 17
VisualStudioVersion = 17.14.36603.0 d17.14
MinimumVisualStudioVersion = 10.0.40219.1
Project("{FAE04EC0-301F-11D3-BF4B-00C04F79EFBC}") = "Lab_2", "Lab_2\Lab_2.csproj", "{CEA2A7E0-4ABC-4F5E-BD77-A234ED79E129}"
EndProject
Global
	GlobalSection(SolutionConfigurationPlatforms) = preSolution
		Debug|Any CPU = Debug|Any CPU
		Release|Any CPU = Release|Any CPU
	EndGlobalSection
	GlobalSection(ProjectConfigurationPlatforms) = postSolution
		{CEA2A7E0-4ABC-4F5E-BD77-A234ED79E129}.Debug|Any CPU.ActiveCfg = Debug|Any CPU
		{CEA2A7E0-4ABC-4F5E-BD77-A234ED79E129}.Debug|Any CPU.Build.0 = Debug|Any CPU
		{CEA2A7E0-4ABC-4F5E-BD77-A234ED79E129}.Release|Any CPU.ActiveCfg = Release|Any CPU
		{CEA2A7E0-4ABC-4F5E-BD77-A234ED79E129}.Release|Any CPU.Build.0 = Release|Any CPU
	EndGlobalSection
	GlobalSection(SolutionProperties) = preSolution
		HideSolutionNode = FALSE
	EndGlobalSection
	GlobalSection(ExtensibilityGlobals) = postSolution
		SolutionGuid = {7442E2E8-C56A-4F05-96FB-755021E85E86}
	EndGlobalSection
EndGlobal
